
Microsoft Visual Studio Solution File, Format Version 12.00
Project("{FAE04EC0-301F-11D3-BF4B-00C04F79EFBC}") = "Editor.Component", "Editor.Component\Editor.Component.csproj", "{B1145D51-DED5-4557-86D4-C8529724B696}"
EndProject
Project("{FAE04EC0-301F-11D3-BF4B-00C04F79EFBC}") = "Editor.Core", "Editor.Core\Editor.Core.csproj", "{02B6D2B2-41BB-4F7B-AC02-996E876C8CD5}"
EndProject
Project("{FAE04EC0-301F-11D3-BF4B-00C04F79EFBC}") = "Editor.Core.Wpf", "Editor.Core.Wpf\Editor.Core.Wpf.csproj", "{C9815BC6-7FA8-4B4A-8A4D-69E3F9DFC419}"
EndProject
Project("{FAE04EC0-301F-11D3-BF4B-00C04F79EFBC}") = "Editor.DecisionDiagrams", "Editor.DecisionDiagrams\Editor.DecisionDiagrams.csproj", "{6B017878-16E4-4C7A-BCF1-329D0E2609FD}"
EndProject
Project("{FAE04EC0-301F-11D3-BF4B-00C04F79EFBC}") = "Editor.View.Wpf", "Editor.View.Wpf\Editor.View.Wpf.csproj", "{2103071F-0827-4304-919E-244BE567F06A}"
EndProject
Project("{FAE04EC0-301F-11D3-BF4B-00C04F79EFBC}") = "Editor.ViewModel", "Editor.ViewModel\Editor.ViewModel.csproj", "{4E7B8CCA-5A92-4441-BA10-2ECDF944A886}"
EndProject
Global
	GlobalSection(SolutionConfigurationPlatforms) = preSolution
		Debug|Any CPU = Debug|Any CPU
		Release|Any CPU = Release|Any CPU
	EndGlobalSection
	GlobalSection(ProjectConfigurationPlatforms) = postSolution
		{B1145D51-DED5-4557-86D4-C8529724B696}.Debug|Any CPU.ActiveCfg = Debug|Any CPU
		{B1145D51-DED5-4557-86D4-C8529724B696}.Debug|Any CPU.Build.0 = Debug|Any CPU
		{B1145D51-DED5-4557-86D4-C8529724B696}.Release|Any CPU.ActiveCfg = Release|Any CPU
		{B1145D51-DED5-4557-86D4-C8529724B696}.Release|Any CPU.Build.0 = Release|Any CPU
		{02B6D2B2-41BB-4F7B-AC02-996E876C8CD5}.Debug|Any CPU.ActiveCfg = Debug|Any CPU
		{02B6D2B2-41BB-4F7B-AC02-996E876C8CD5}.Debug|Any CPU.Build.0 = Debug|Any CPU
		{02B6D2B2-41BB-4F7B-AC02-996E876C8CD5}.Release|Any CPU.ActiveCfg = Release|Any CPU
		{02B6D2B2-41BB-4F7B-AC02-996E876C8CD5}.Release|Any CPU.Build.0 = Release|Any CPU
		{C9815BC6-7FA8-4B4A-8A4D-69E3F9DFC419}.Debug|Any CPU.ActiveCfg = Debug|Any CPU
		{C9815BC6-7FA8-4B4A-8A4D-69E3F9DFC419}.Debug|Any CPU.Build.0 = Debug|Any CPU
		{C9815BC6-7FA8-4B4A-8A4D-69E3F9DFC419}.Release|Any CPU.ActiveCfg = Release|Any CPU
		{C9815BC6-7FA8-4B4A-8A4D-69E3F9DFC419}.Release|Any CPU.Build.0 = Release|Any CPU
		{6B017878-16E4-4C7A-BCF1-329D0E2609FD}.Debug|Any CPU.ActiveCfg = Debug|Any CPU
		{6B017878-16E4-4C7A-BCF1-329D0E2609FD}.Debug|Any CPU.Build.0 = Debug|Any CPU
		{6B017878-16E4-4C7A-BCF1-329D0E2609FD}.Release|Any CPU.ActiveCfg = Release|Any CPU
		{6B017878-16E4-4C7A-BCF1-329D0E2609FD}.Release|Any CPU.Build.0 = Release|Any CPU
		{2103071F-0827-4304-919E-244BE567F06A}.Debug|Any CPU.ActiveCfg = Debug|Any CPU
		{2103071F-0827-4304-919E-244BE567F06A}.Debug|Any CPU.Build.0 = Debug|Any CPU
		{2103071F-0827-4304-919E-244BE567F06A}.Release|Any CPU.ActiveCfg = Release|Any CPU
		{2103071F-0827-4304-919E-244BE567F06A}.Release|Any CPU.Build.0 = Release|Any CPU
		{4E7B8CCA-5A92-4441-BA10-2ECDF944A886}.Debug|Any CPU.ActiveCfg = Debug|Any CPU
		{4E7B8CCA-5A92-4441-BA10-2ECDF944A886}.Debug|Any CPU.Build.0 = Debug|Any CPU
		{4E7B8CCA-5A92-4441-BA10-2ECDF944A886}.Release|Any CPU.ActiveCfg = Release|Any CPU
		{4E7B8CCA-5A92-4441-BA10-2ECDF944A886}.Release|Any CPU.Build.0 = Release|Any CPU
	EndGlobalSection
EndGlobal
